
Microsoft Visual Studio Solution File, Format Version 12.00
# Visual Studio Version 17
VisualStudioVersion = 17.13.35806.99 d17.13
MinimumVisualStudioVersion = 10.0.40219.1
Project("{FAE04EC0-301F-11D3-BF4B-00C04F79EFBC}") = "Practice(1297cs)", "Practice(1297cs).csproj", "{52B900A3-DE8F-4F37-8E6E-F1CBB4CD6EF9}"
EndProject
Global
	GlobalSection(SolutionConfigurationPlatforms) = preSolution
		Debug|Any CPU = Debug|Any CPU
		Release|Any CPU = Release|Any CPU
	EndGlobalSection
	GlobalSection(ProjectConfigurationPlatforms) = postSolution
		{52B900A3-DE8F-4F37-8E6E-F1CBB4CD6EF9}.Debug|Any CPU.ActiveCfg = Debug|Any CPU
		{52B900A3-DE8F-4F37-8E6E-F1CBB4CD6EF9}.Debug|Any CPU.Build.0 = Debug|Any CPU
		{52B900A3-DE8F-4F37-8E6E-F1CBB4CD6EF9}.Release|Any CPU.ActiveCfg = Release|Any CPU
		{52B900A3-DE8F-4F37-8E6E-F1CBB4CD6EF9}.Release|Any CPU.Build.0 = Release|Any CPU
	EndGlobalSection
	GlobalSection(SolutionProperties) = preSolution
		HideSolutionNode = FALSE
	EndGlobalSection
	GlobalSection(ExtensibilityGlobals) = postSolution
		SolutionGuid = {A528617F-8FDA-4DBB-9821-3C782323FBC9}
	EndGlobalSection
EndGlobal
